
Microsoft Visual Studio Solution File, Format Version 12.00
# Visual Studio Version 16
VisualStudioVersion = 16.0.31624.102
MinimumVisualStudioVersion = 10.0.40219.1
Project("{9A19103F-16F7-4668-BE54-9A1E7A4F7556}") = "SharingGateway", "SharingGateway\SharingGateway.csproj", "{DE649056-BB05-4B39-98DC-7E6B6C7A4278}"
EndProject
Project("{FAE04EC0-301F-11D3-BF4B-00C04F79EFBC}") = "SharingGateway.Test", "SharingGateway.Test\SharingGateway.Test.csproj", "{47B8FDB6-49F6-4A59-AD22-3083DFCC02FE}"
EndProject
Global
	GlobalSection(SolutionConfigurationPlatforms) = preSolution
		Debug|Any CPU = Debug|Any CPU
		Release|Any CPU = Release|Any CPU
	EndGlobalSection
	GlobalSection(ProjectConfigurationPlatforms) = postSolution
		{DE649056-BB05-4B39-98DC-7E6B6C7A4278}.Debug|Any CPU.ActiveCfg = Debug|Any CPU
		{DE649056-BB05-4B39-98DC-7E6B6C7A4278}.Debug|Any CPU.Build.0 = Debug|Any CPU
		{DE649056-BB05-4B39-98DC-7E6B6C7A4278}.Release|Any CPU.ActiveCfg = Release|Any CPU
		{DE649056-BB05-4B39-98DC-7E6B6C7A4278}.Release|Any CPU.Build.0 = Release|Any CPU
		{47B8FDB6-49F6-4A59-AD22-3083DFCC02FE}.Debug|Any CPU.ActiveCfg = Debug|Any CPU
		{47B8FDB6-49F6-4A59-AD22-3083DFCC02FE}.Debug|Any CPU.Build.0 = Debug|Any CPU
		{47B8FDB6-49F6-4A59-AD22-3083DFCC02FE}.Release|Any CPU.ActiveCfg = Release|Any CPU
		{47B8FDB6-49F6-4A59-AD22-3083DFCC02FE}.Release|Any CPU.Build.0 = Release|Any CPU
	EndGlobalSection
	GlobalSection(SolutionProperties) = preSolution
		HideSolutionNode = FALSE
	EndGlobalSection
	GlobalSection(ExtensibilityGlobals) = postSolution
		SolutionGuid = {AF744228-5088-43DC-B561-83747AF61AFB}
	EndGlobalSection
EndGlobal
